// !$*UTF8*$!
{
	archiveVersion = 1;
	classes = {
	};
	objectVersion = 46;
	objects = {

/* Begin PBXBuildFile section */
		9479B0D61D86302600BD970F /* AppDelegate.swift in Sources */ = {isa = PBXBuildFile; fileRef = 9479B0D51D86302600BD970F /* AppDelegate.swift */; };
		9479B0D81D86302600BD970F /* ViewController.swift in Sources */ = {isa = PBXBuildFile; fileRef = 9479B0D71D86302600BD970F /* ViewController.swift */; };
		9479B0DB1D86302600BD970F /* Main.storyboard in Resources */ = {isa = PBXBuildFile; fileRef = 9479B0D91D86302600BD970F /* Main.storyboard */; };
		9479B0DD1D86302600BD970F /* Assets.xcassets in Resources */ = {isa = PBXBuildFile; fileRef = 9479B0DC1D86302600BD970F /* Assets.xcassets */; };
		9479B0E01D86302600BD970F /* LaunchScreen.storyboard in Resources */ = {isa = PBXBuildFile; fileRef = 9479B0DE1D86302600BD970F /* LaunchScreen.storyboard */; };
/* End PBXBuildFile section */

/* Begin PBXFileReference section */
		9479B0D21D86302500BD970F /* TravisIOSDemoJN.app */ = {isa = PBXFileReference; explicitFileType = wrapper.application; includeInIndex = 0; path = TravisIOSDemoJN.app; sourceTree = BUILT_PRODUCTS_DIR; };
		9479B0D51D86302600BD970F /* AppDelegate.swift */ = {isa = PBXFileReference; lastKnownFileType = sourcecode.swift; path = AppDelegate.swift; sourceTree = "<group>"; };
		9479B0D71D86302600BD970F /* ViewController.swift */ = {isa = PBXFileReference; lastKnownFileType = sourcecode.swift; path = ViewController.swift; sourceTree = "<group>"; };
		9479B0DA1D86302600BD970F /* Base */ = {isa = PBXFileReference; lastKnownFileType = file.storyboard; name = Base; path = Base.lproj/Main.storyboard; sourceTree = "<group>"; };
		9479B0DC1D86302600BD970F /* Assets.xcassets */ = {isa = PBXFileReference; lastKnownFileType = folder.assetcatalog; path = Assets.xcassets; sourceTree = "<group>"; };
		9479B0DF1D86302600BD970F /* Base */ = {isa = PBXFileReference; lastKnownFileType = file.storyboard; name = Base; path = Base.lproj/LaunchScreen.storyboard; sourceTree = "<group>"; };
		9479B0E11D86302600BD970F /* Info.plist */ = {isa = PBXFileReference; lastKnownFileType = text.plist.xml; path = Info.plist; sourceTree = "<group>"; };
/* End PBXFileReference section */

/* Begin PBXFrameworksBuildPhase section */
		9479B0CF1D86302500BD970F /* Frameworks */ = {
			isa = PBXFrameworksBuildPhase;
			buildActionMask = 2147483647;
			files = (
			);
			runOnlyForDeploymentPostprocessing = 0;
		};
/* End PBXFrameworksBuildPhase section */

/* Begin PBXGroup section */
		9479B0C91D86302500BD970F = {
			isa = PBXGroup;
			children = (
				9479B0D41D86302600BD970F /* TravisIOSDemoJN */,
				9479B0D31D86302500BD970F /* Products */,
			);
			sourceTree = "<group>";
		};
		9479B0D31D86302500BD970F /* Products */ = {
			isa = PBXGroup;
			children = (
				9479B0D21D86302500BD970F /* TravisIOSDemoJN.app */,
			);
			name = Products;
			sourceTree = "<group>";
		};
		9479B0D41D86302600BD970F /* TravisIOSDemoJN */ = {
			isa = PBXGroup;
			children = (
				9479B0D51D86302600BD970F /* AppDelegate.swift */,
				9479B0D71D86302600BD970F /* ViewController.swift */,
				9479B0D91D86302600BD970F /* Main.storyboard */,
				9479B0DC1D86302600BD970F /* Assets.xcassets */,
				9479B0DE1D86302600BD970F /* LaunchScreen.storyboard */,
				9479B0E11D86302600BD970F /* Info.plist */,
			);
			path = TravisIOSDemoJN;
			sourceTree = "<group>";
		};
/* End PBXGroup section */

/* Begin PBXNativeTarget section */
		9479B0D11D86302500BD970F /* TravisIOSDemoJN */ = {
			isa = PBXNativeTarget;
			buildConfigurationList = 9479B0E41D86302600BD970F /* Build configuration list for PBXNativeTarget "TravisIOSDemoJN" */;
			buildPhases = (
				9479B0CE1D86302500BD970F /* Sources */,
				9479B0CF1D86302500BD970F /* Frameworks */,
				9479B0D01D86302500BD970F /* Resources */,
			);
			buildRules = (
			);
			dependencies = (
			);
			name = TravisIOSDemoJN;
			productName = TravisIOSDemoJN;
			productReference = 9479B0D21D86302500BD970F /* TravisIOSDemoJN.app */;
			productType = "com.apple.product-type.application";
		};
/* End PBXNativeTarget section */

/* Begin PBXProject section */
		9479B0CA1D86302500BD970F /* Project object */ = {
			isa = PBXProject;
			attributes = {
				LastSwiftUpdateCheck = 0730;
				LastUpgradeCheck = 0730;
				ORGANIZATIONNAME = "Jianing Zheng";
				TargetAttributes = {
					9479B0D11D86302500BD970F = {
						CreatedOnToolsVersion = 7.3.1;
					};
				};
			};
			buildConfigurationList = 9479B0CD1D86302500BD970F /* Build configuration list for PBXProject "TravisIOSDemoJN" */;
			compatibilityVersion = "Xcode 3.2";
			developmentRegion = English;
			hasScannedForEncodings = 0;
			knownRegions = (
				en,
				Base,
			);
			mainGroup = 9479B0C91D86302500BD970F;
			productRefGroup = 9479B0D31D86302500BD970F /* Products */;
			projectDirPath = "";
			projectRoot = "";
			targets = (
				9479B0D11D86302500BD970F /* TravisIOSDemoJN */,
			);
		};
/* End PBXProject section */

/* Begin PBXResourcesBuildPhase section */
		9479B0D01D86302500BD970F /* Resources */ = {
			isa = PBXResourcesBuildPhase;
			buildActionMask = 2147483647;
			files = (
				9479B0E01D86302600BD970F /* LaunchScreen.storyboard in Resources */,
				9479B0DD1D86302600BD970F /* Assets.xcassets in Resources */,
				9479B0DB1D86302600BD970F /* Main.storyboard in Resources */,
			);
			runOnlyForDeploymentPostprocessing = 0;
		};
/* End PBXResourcesBuildPhase section */

/* Begin PBXSourcesBuildPhase section */
		9479B0CE1D86302500BD970F /* Sources */ = {
			isa = PBXSourcesBuildPhase;
			buildActionMask = 2147483647;
			files = (
				9479B0D81D86302600BD970F /* ViewController.swift in Sources */,
				9479B0D61D86302600BD970F /* AppDelegate.swift in Sources */,
			);
			runOnlyForDeploymentPostprocessing = 0;
		};
/* End PBXSourcesBuildPhase section */

/* Begin PBXVariantGroup section */
		9479B0D91D86302600BD970F /* Main.storyboard */ = {
			isa = PBXVariantGroup;
			children = (
				9479B0DA1D86302600BD970F /* Base */,
			);
			name = Main.storyboard;
			sourceTree = "<group>";
		};
		9479B0DE1D86302600BD970F /* LaunchScreen.storyboard */ = {
			isa = PBXVariantGroup;
			children = (
				9479B0DF1D86302600BD970F /* Base */,
			);
			name = LaunchScreen.storyboard;
			sourceTree = "<group>";
		};
/* End PBXVariantGroup section */

/* Begin XCBuildConfiguration section */
		9479B0E21D86302600BD970F /* Debug */ = {
			isa = XCBuildConfiguration;
			buildSettings = {
				ALWAYS_SEARCH_USER_PATHS = NO;
				CLANG_ANALYZER_NONNULL = YES;
				CLANG_CXX_LANGUAGE_STANDARD = "gnu++0x";
				CLANG_CXX_LIBRARY = "libc++";
				CLANG_ENABLE_MODULES = YES;
				CLANG_ENABLE_OBJC_ARC = YES;
				CLANG_WARN_BOOL_CONVERSION = YES;
				CLANG_WARN_CONSTANT_CONVERSION = YES;
				CLANG_WARN_DIRECT_OBJC_ISA_USAGE = YES_ERROR;
				CLANG_WARN_EMPTY_BODY = YES;
				CLANG_WARN_ENUM_CONVERSION = YES;
				CLANG_WARN_INT_CONVERSION = YES;
				CLANG_WARN_OBJC_ROOT_CLASS = YES_ERROR;
				CLANG_WARN_UNREACHABLE_CODE = YES;
				CLANG_WARN__DUPLICATE_METHOD_MATCH = YES;
				"CODE_SIGN_IDENTITY[sdk=iphoneos*]" = "iPhone Developer";
				COPY_PHASE_STRIP = NO;
				DEBUG_INFORMATION_FORMAT = dwarf;
				ENABLE_STRICT_OBJC_MSGSEND = YES;
				ENABLE_TESTABILITY = YES;
				GCC_C_LANGUAGE_STANDARD = gnu99;
				GCC_DYNAMIC_NO_PIC = NO;
				GCC_NO_COMMON_BLOCKS = YES;
				GCC_OPTIMIZATION_LEVEL = 0;
				GCC_PREPROCESSOR_DEFINITIONS = (
					"DEBUG=1",
					"$(inherited)",
				);
				GCC_WARN_64_TO_32_BIT_CONVERSION = YES;
				GCC_WARN_ABOUT_RETURN_TYPE = YES_ERROR;
				GCC_WARN_UNDECLARED_SELECTOR = YES;
				GCC_WARN_UNINITIALIZED_AUTOS = YES_AGGRESSIVE;
				GCC_WARN_UNUSED_FUNCTION = YES;
				GCC_WARN_UNUSED_VARIABLE = YES;
				IPHONEOS_DEPLOYMENT_TARGET = 9.3;
				MTL_ENABLE_DEBUG_INFO = YES;
				ONLY_ACTIVE_ARCH = YES;
				SDKROOT = iphoneos;
				SWIFT_OPTIMIZATION_LEVEL = "-Onone";
				TARGETED_DEVICE_FAMILY = "1,2";
			};
			name = Debug;
		};
		9479B0E31D86302600BD970F /* Release */ = {
			isa = XCBuildConfiguration;
			buildSettings = {
				ALWAYS_SEARCH_USER_PATHS = NO;
				CLANG_ANALYZER_NONNULL = YES;
				CLANG_CXX_LANGUAGE_STANDARD = "gnu++0x";
				CLANG_CXX_LIBRARY = "libc++";
				CLANG_ENABLE_MODULES = YES;
				CLANG_ENABLE_OBJC_ARC = YES;
				CLANG_WARN_BOOL_CONVERSION = YES;
				CLANG_WARN_CONSTANT_CONVERSION = YES;
				CLANG_WARN_DIRECT_OBJC_ISA_USAGE = YES_ERROR;
				CLANG_WARN_EMPTY_BODY = YES;
				CLANG_WARN_ENUM_CONVERSION = YES;
				CLANG_WARN_INT_CONVERSION = YES;
				CLANG_WARN_OBJC_ROOT_CLASS = YES_ERROR;
				CLANG_WARN_UNREACHABLE_CODE = YES;
				CLANG_WARN__DUPLICATE_METHOD_MATCH = YES;
				"CODE_SIGN_IDENTITY[sdk=iphoneos*]" = "iPhone Developer";
				COPY_PHASE_STRIP = NO;
				DEBUG_INFORMATION_FORMAT = "dwarf-with-dsym";
				ENABLE_NS_ASSERTIONS = NO;
				ENABLE_STRICT_OBJC_MSGSEND = YES;
				GCC_C_LANGUAGE_STANDARD = gnu99;
				GCC_NO_COMMON_BLOCKS = YES;
				GCC_WARN_64_TO_32_BIT_CONVERSION = YES;
				GCC_WARN_ABOUT_RETURN_TYPE = YES_ERROR;
				GCC_WARN_UNDECLARED_SELECTOR = YES;
				GCC_WARN_UNINITIALIZED_AUTOS = YES_AGGRESSIVE;
				GCC_WARN_UNUSED_FUNCTION = YES;
				GCC_WARN_UNUSED_VARIABLE = YES;
				IPHONEOS_DEPLOYMENT_TARGET = 9.3;
				MTL_ENABLE_DEBUG_INFO = NO;
				SDKROOT = iphoneos;
				TARGETED_DEVICE_FAMILY = "1,2";
				VALIDATE_PRODUCT = YES;
			};
			name = Release;
		};
		9479B0E51D86302600BD970F /* Debug */ = {
			isa = XCBuildConfiguration;
			buildSettings = {
				ASSETCATALOG_COMPILER_APPICON_NAME = AppIcon;
				INFOPLIST_FILE = TravisIOSDemoJN/Info.plist;
				LD_RUNPATH_SEARCH_PATHS = "$(inherited) @executable_path/Frameworks";
				PRODUCT_BUNDLE_IDENTIFIER = tw.jnzheng.TravisIOSDemoJN;
				PRODUCT_NAME = "$(TARGET_NAME)";
			};
			name = Debug;
		};
		9479B0E61D86302600BD970F /* Release */ = {
			isa = XCBuildConfiguration;
			buildSettings = {
				ASSETCATALOG_COMPILER_APPICON_NAME = AppIcon;
				INFOPLIST_FILE = TravisIOSDemoJN/Info.plist;
				LD_RUNPATH_SEARCH_PATHS = "$(inherited) @executable_path/Frameworks";
				PRODUCT_BUNDLE_IDENTIFIER = tw.jnzheng.TravisIOSDemoJN;
				PRODUCT_NAME = "$(TARGET_NAME)";
			};
			name = Release;
		};
/* End XCBuildConfiguration section */

/* Begin XCConfigurationList section */
		9479B0CD1D86302500BD970F /* Build configuration list for PBXProject "TravisIOSDemoJN" */ = {
			isa = XCConfigurationList;
			buildConfigurations = (
				9479B0E21D86302600BD970F /* Debug */,
				9479B0E31D86302600BD970F /* Release */,
			);
			defaultConfigurationIsVisible = 0;
			defaultConfigurationName = Release;
		};
		9479B0E41D86302600BD970F /* Build configuration list for PBXNativeTarget "TravisIOSDemoJN" */ = {
			isa = XCConfigurationList;
			buildConfigurations = (
				9479B0E51D86302600BD970F /* Debug */,
				9479B0E61D86302600BD970F /* Release */,
			);
			defaultConfigurationIsVisible = 0;
		};
/* End XCConfigurationList section */
	};
	rootObject = 9479B0CA1D86302500BD970F /* Project object */;
}
